
Microsoft Visual Studio Solution File, Format Version 12.00
# Visual Studio 15
VisualStudioVersion = 15.0.26730.15
MinimumVisualStudioVersion = 10.0.40219.1
Project("{8BC9CEB8-8B4A-11D0-8D11-00A0C91BC942}") = "TP5", "TP5.vcxproj", "{BEA15DAE-A7CD-4FA8-A8A7-54DA5042F1A5}"
EndProject
Project("{2150E333-8FDC-42A3-9474-1A3956D46DE8}") = "Solution Items", "Solution Items", "{BB10EE52-DE5A-4CF2-A25F-EB36E86F2F7E}"
	ProjectSection(SolutionItems) = preProject
		TP5.vcxproj = TP5.vcxproj
		TP5.vcxproj.filters = TP5.vcxproj.filters
	EndProjectSection
EndProject
Global
	GlobalSection(SolutionConfigurationPlatforms) = preSolution
		Debug|x64 = Debug|x64
		Debug|x86 = Debug|x86
		Release|x64 = Release|x64
		Release|x86 = Release|x86
	EndGlobalSection
	GlobalSection(ProjectConfigurationPlatforms) = postSolution
		{BEA15DAE-A7CD-4FA8-A8A7-54DA5042F1A5}.Debug|x64.ActiveCfg = Debug|x64
		{BEA15DAE-A7CD-4FA8-A8A7-54DA5042F1A5}.Debug|x64.Build.0 = Debug|x64
		{BEA15DAE-A7CD-4FA8-A8A7-54DA5042F1A5}.Debug|x86.ActiveCfg = Debug|Win32
		{BEA15DAE-A7CD-4FA8-A8A7-54DA5042F1A5}.Debug|x86.Build.0 = Debug|Win32
		{BEA15DAE-A7CD-4FA8-A8A7-54DA5042F1A5}.Release|x64.ActiveCfg = Release|x64
		{BEA15DAE-A7CD-4FA8-A8A7-54DA5042F1A5}.Release|x64.Build.0 = Release|x64
		{BEA15DAE-A7CD-4FA8-A8A7-54DA5042F1A5}.Release|x86.ActiveCfg = Release|Win32
		{BEA15DAE-A7CD-4FA8-A8A7-54DA5042F1A5}.Release|x86.Build.0 = Release|Win32
	EndGlobalSection
	GlobalSection(SolutionProperties) = preSolution
		HideSolutionNode = FALSE
	EndGlobalSection
	GlobalSection(ExtensibilityGlobals) = postSolution
		SolutionGuid = {114FA3D2-1116-439C-89DA-F164D7A3EBA3}
	EndGlobalSection
EndGlobal
